// !$*UTF8*$!
{
	archiveVersion = 1;
	classes = {
	};
	objectVersion = 56;
	objects = {

/* Begin PBXBuildFile section */
		1D71265129489A67007E37A4 /* AppDelegate.swift in Sources */ = {isa = PBXBuildFile; fileRef = 1D71265029489A67007E37A4 /* AppDelegate.swift */; };
		1D71265329489A67007E37A4 /* SceneDelegate.swift in Sources */ = {isa = PBXBuildFile; fileRef = 1D71265229489A67007E37A4 /* SceneDelegate.swift */; };
		1D71265B29489A67007E37A4 /* WeatherForecast.xcdatamodeld in Sources */ = {isa = PBXBuildFile; fileRef = 1D71265929489A67007E37A4 /* WeatherForecast.xcdatamodeld */; };
		1D71265D29489A69007E37A4 /* Assets.xcassets in Resources */ = {isa = PBXBuildFile; fileRef = 1D71265C29489A69007E37A4 /* Assets.xcassets */; };
		1D71266029489A69007E37A4 /* LaunchScreen.storyboard in Resources */ = {isa = PBXBuildFile; fileRef = 1D71265E29489A69007E37A4 /* LaunchScreen.storyboard */; };
		1D71266829489AC9007E37A4 /* Constants.swift in Sources */ = {isa = PBXBuildFile; fileRef = 1D71266729489AC9007E37A4 /* Constants.swift */; };
		1D71266A29489AEA007E37A4 /* HelperForModel.swift in Sources */ = {isa = PBXBuildFile; fileRef = 1D71266929489AEA007E37A4 /* HelperForModel.swift */; };
		1D71266C29489B04007E37A4 /* TextPicker.swift in Sources */ = {isa = PBXBuildFile; fileRef = 1D71266B29489B04007E37A4 /* TextPicker.swift */; };
		1D71266E29489B63007E37A4 /* WeatherModel.swift in Sources */ = {isa = PBXBuildFile; fileRef = 1D71266D29489B63007E37A4 /* WeatherModel.swift */; };
		1D71267029489B70007E37A4 /* InitViewController.swift in Sources */ = {isa = PBXBuildFile; fileRef = 1D71266F29489B70007E37A4 /* InitViewController.swift */; };
		1D71267229489B8B007E37A4 /* UIPageViewController.swift in Sources */ = {isa = PBXBuildFile; fileRef = 1D71267129489B8B007E37A4 /* UIPageViewController.swift */; };
		1D71267429489B9E007E37A4 /* PermissionLocationController.swift in Sources */ = {isa = PBXBuildFile; fileRef = 1D71267329489B9E007E37A4 /* PermissionLocationController.swift */; };
		1D71267629489BB7007E37A4 /* CertainDayWeatherDataController.swift in Sources */ = {isa = PBXBuildFile; fileRef = 1D71267529489BB7007E37A4 /* CertainDayWeatherDataController.swift */; };
		1D71267829489BC6007E37A4 /* ExtendedWeatherDataController.swift in Sources */ = {isa = PBXBuildFile; fileRef = 1D71267729489BC6007E37A4 /* ExtendedWeatherDataController.swift */; };
		1D71267A29489BD5007E37A4 /* WeatherDataController.swift in Sources */ = {isa = PBXBuildFile; fileRef = 1D71267929489BD5007E37A4 /* WeatherDataController.swift */; };
		1D71267C29489BE6007E37A4 /* SettingsController.swift in Sources */ = {isa = PBXBuildFile; fileRef = 1D71267B29489BE6007E37A4 /* SettingsController.swift */; };
		1D71267E29489BF8007E37A4 /* LocationManager.swift in Sources */ = {isa = PBXBuildFile; fileRef = 1D71267D29489BF7007E37A4 /* LocationManager.swift */; };
		1D71268029489C07007E37A4 /* CoreDataManager.swift in Sources */ = {isa = PBXBuildFile; fileRef = 1D71267F29489C07007E37A4 /* CoreDataManager.swift */; };
		1D71268229489C17007E37A4 /* NetworkManager.swift in Sources */ = {isa = PBXBuildFile; fileRef = 1D71268129489C17007E37A4 /* NetworkManager.swift */; };
		1D71268429489C2D007E37A4 /* HeaderCollectionViewCell.swift in Sources */ = {isa = PBXBuildFile; fileRef = 1D71268329489C2D007E37A4 /* HeaderCollectionViewCell.swift */; };
		1D71268629489C42007E37A4 /* MiniWeatherCollectionViewCell.swift in Sources */ = {isa = PBXBuildFile; fileRef = 1D71268529489C42007E37A4 /* MiniWeatherCollectionViewCell.swift */; };
		1D71268829489C50007E37A4 /* TextWeatherDataCollectionViewCell.swift in Sources */ = {isa = PBXBuildFile; fileRef = 1D71268729489C50007E37A4 /* TextWeatherDataCollectionViewCell.swift */; };
		1D71268F2949A5CD007E37A4 /* DetailCell.swift in Sources */ = {isa = PBXBuildFile; fileRef = 1D71268E2949A5CD007E37A4 /* DetailCell.swift */; };
		1D7126912949A616007E37A4 /* HeaderView.swift in Sources */ = {isa = PBXBuildFile; fileRef = 1D7126902949A616007E37A4 /* HeaderView.swift */; };
		1D7126932949ECD0007E37A4 /* ExplanationForDayView.swift in Sources */ = {isa = PBXBuildFile; fileRef = 1D7126922949ECD0007E37A4 /* ExplanationForDayView.swift */; };
		1D8C6987294AF83200E9FD91 /* HeaderDate.swift in Sources */ = {isa = PBXBuildFile; fileRef = 1D8C6986294AF83200E9FD91 /* HeaderDate.swift */; };
		1D8C6989294AFA3D00E9FD91 /* WeatherCardCell.swift in Sources */ = {isa = PBXBuildFile; fileRef = 1D8C6988294AFA3D00E9FD91 /* WeatherCardCell.swift */; };
		7C35C68C14F65B7540CA083A /* Pods_WeatherForecast.framework in Frameworks */ = {isa = PBXBuildFile; fileRef = CC3456CD949DA57FFCF8984C /* Pods_WeatherForecast.framework */; };
/* End PBXBuildFile section */

/* Begin PBXFileReference section */
		1D71264D29489A67007E37A4 /* WeatherForecast.app */ = {isa = PBXFileReference; explicitFileType = wrapper.application; includeInIndex = 0; path = WeatherForecast.app; sourceTree = BUILT_PRODUCTS_DIR; };
		1D71265029489A67007E37A4 /* AppDelegate.swift */ = {isa = PBXFileReference; lastKnownFileType = sourcecode.swift; path = AppDelegate.swift; sourceTree = "<group>"; };
		1D71265229489A67007E37A4 /* SceneDelegate.swift */ = {isa = PBXFileReference; lastKnownFileType = sourcecode.swift; path = SceneDelegate.swift; sourceTree = "<group>"; };
		1D71265A29489A67007E37A4 /* WeatherForecast.xcdatamodel */ = {isa = PBXFileReference; lastKnownFileType = wrapper.xcdatamodel; path = WeatherForecast.xcdatamodel; sourceTree = "<group>"; };
		1D71265C29489A69007E37A4 /* Assets.xcassets */ = {isa = PBXFileReference; lastKnownFileType = folder.assetcatalog; path = Assets.xcassets; sourceTree = "<group>"; };
		1D71265F29489A69007E37A4 /* Base */ = {isa = PBXFileReference; lastKnownFileType = file.storyboard; name = Base; path = Base.lproj/LaunchScreen.storyboard; sourceTree = "<group>"; };
		1D71266129489A69007E37A4 /* Info.plist */ = {isa = PBXFileReference; lastKnownFileType = text.plist.xml; path = Info.plist; sourceTree = "<group>"; };
		1D71266729489AC9007E37A4 /* Constants.swift */ = {isa = PBXFileReference; lastKnownFileType = sourcecode.swift; path = Constants.swift; sourceTree = "<group>"; };
		1D71266929489AEA007E37A4 /* HelperForModel.swift */ = {isa = PBXFileReference; lastKnownFileType = sourcecode.swift; path = HelperForModel.swift; sourceTree = "<group>"; };
		1D71266B29489B04007E37A4 /* TextPicker.swift */ = {isa = PBXFileReference; lastKnownFileType = sourcecode.swift; path = TextPicker.swift; sourceTree = "<group>"; };
		1D71266D29489B63007E37A4 /* WeatherModel.swift */ = {isa = PBXFileReference; lastKnownFileType = sourcecode.swift; path = WeatherModel.swift; sourceTree = "<group>"; };
		1D71266F29489B70007E37A4 /* InitViewController.swift */ = {isa = PBXFileReference; lastKnownFileType = sourcecode.swift; path = InitViewController.swift; sourceTree = "<group>"; };
		1D71267129489B8B007E37A4 /* UIPageViewController.swift */ = {isa = PBXFileReference; lastKnownFileType = sourcecode.swift; path = UIPageViewController.swift; sourceTree = "<group>"; };
		1D71267329489B9E007E37A4 /* PermissionLocationController.swift */ = {isa = PBXFileReference; lastKnownFileType = sourcecode.swift; path = PermissionLocationController.swift; sourceTree = "<group>"; };
		1D71267529489BB7007E37A4 /* CertainDayWeatherDataController.swift */ = {isa = PBXFileReference; lastKnownFileType = sourcecode.swift; path = CertainDayWeatherDataController.swift; sourceTree = "<group>"; };
		1D71267729489BC6007E37A4 /* ExtendedWeatherDataController.swift */ = {isa = PBXFileReference; lastKnownFileType = sourcecode.swift; path = ExtendedWeatherDataController.swift; sourceTree = "<group>"; };
		1D71267929489BD5007E37A4 /* WeatherDataController.swift */ = {isa = PBXFileReference; lastKnownFileType = sourcecode.swift; path = WeatherDataController.swift; sourceTree = "<group>"; };
		1D71267B29489BE6007E37A4 /* SettingsController.swift */ = {isa = PBXFileReference; lastKnownFileType = sourcecode.swift; path = SettingsController.swift; sourceTree = "<group>"; };
		1D71267D29489BF7007E37A4 /* LocationManager.swift */ = {isa = PBXFileReference; lastKnownFileType = sourcecode.swift; path = LocationManager.swift; sourceTree = "<group>"; };
		1D71267F29489C07007E37A4 /* CoreDataManager.swift */ = {isa = PBXFileReference; lastKnownFileType = sourcecode.swift; path = CoreDataManager.swift; sourceTree = "<group>"; };
		1D71268129489C17007E37A4 /* NetworkManager.swift */ = {isa = PBXFileReference; lastKnownFileType = sourcecode.swift; path = NetworkManager.swift; sourceTree = "<group>"; };
		1D71268329489C2D007E37A4 /* HeaderCollectionViewCell.swift */ = {isa = PBXFileReference; lastKnownFileType = sourcecode.swift; path = HeaderCollectionViewCell.swift; sourceTree = "<group>"; };
		1D71268529489C42007E37A4 /* MiniWeatherCollectionViewCell.swift */ = {isa = PBXFileReference; lastKnownFileType = sourcecode.swift; path = MiniWeatherCollectionViewCell.swift; sourceTree = "<group>"; };
		1D71268729489C50007E37A4 /* TextWeatherDataCollectionViewCell.swift */ = {isa = PBXFileReference; lastKnownFileType = sourcecode.swift; path = TextWeatherDataCollectionViewCell.swift; sourceTree = "<group>"; };
		1D71268E2949A5CD007E37A4 /* DetailCell.swift */ = {isa = PBXFileReference; lastKnownFileType = sourcecode.swift; name = DetailCell.swift; path = WeatherForecast/Controllers/DetailCell.swift; sourceTree = SOURCE_ROOT; };
		1D7126902949A616007E37A4 /* HeaderView.swift */ = {isa = PBXFileReference; lastKnownFileType = sourcecode.swift; name = HeaderView.swift; path = WeatherForecast/Extensions/View/HeaderView.swift; sourceTree = SOURCE_ROOT; };
		1D7126922949ECD0007E37A4 /* ExplanationForDayView.swift */ = {isa = PBXFileReference; lastKnownFileType = sourcecode.swift; name = ExplanationForDayView.swift; path = WeatherForecast/Extensions/View/ExplanationForDayView.swift; sourceTree = SOURCE_ROOT; };
		1D8C6986294AF83200E9FD91 /* HeaderDate.swift */ = {isa = PBXFileReference; lastKnownFileType = sourcecode.swift; name = HeaderDate.swift; path = WeatherForecast/Extensions/View/HeaderDate.swift; sourceTree = SOURCE_ROOT; };
		1D8C6988294AFA3D00E9FD91 /* WeatherCardCell.swift */ = {isa = PBXFileReference; lastKnownFileType = sourcecode.swift; name = WeatherCardCell.swift; path = WeatherForecast/Controllers/WeatherCardCell.swift; sourceTree = SOURCE_ROOT; };
		86B75B68FE30C94B83D02535 /* Pods-WeatherForecast.debug.xcconfig */ = {isa = PBXFileReference; includeInIndex = 1; lastKnownFileType = text.xcconfig; name = "Pods-WeatherForecast.debug.xcconfig"; path = "Target Support Files/Pods-WeatherForecast/Pods-WeatherForecast.debug.xcconfig"; sourceTree = "<group>"; };
		BC68B6328366462D7ECD8640 /* Pods-WeatherForecast.release.xcconfig */ = {isa = PBXFileReference; includeInIndex = 1; lastKnownFileType = text.xcconfig; name = "Pods-WeatherForecast.release.xcconfig"; path = "Target Support Files/Pods-WeatherForecast/Pods-WeatherForecast.release.xcconfig"; sourceTree = "<group>"; };
		CC3456CD949DA57FFCF8984C /* Pods_WeatherForecast.framework */ = {isa = PBXFileReference; explicitFileType = wrapper.framework; includeInIndex = 0; path = Pods_WeatherForecast.framework; sourceTree = BUILT_PRODUCTS_DIR; };
/* End PBXFileReference section */

/* Begin PBXFrameworksBuildPhase section */
		1D71264A29489A67007E37A4 /* Frameworks */ = {
			isa = PBXFrameworksBuildPhase;
			buildActionMask = 2147483647;
			files = (
				7C35C68C14F65B7540CA083A /* Pods_WeatherForecast.framework in Frameworks */,
			);
			runOnlyForDeploymentPostprocessing = 0;
		};
/* End PBXFrameworksBuildPhase section */

/* Begin PBXGroup section */
		1D71264429489A67007E37A4 = {
			isa = PBXGroup;
			children = (
				1D71264F29489A67007E37A4 /* WeatherForecast */,
				1D71264E29489A67007E37A4 /* Products */,
				9D6EC1315E42918277679DD9 /* Pods */,
				A7BF0D4CA5A65AA2157EDB60 /* Frameworks */,
			);
			sourceTree = "<group>";
		};
		1D71264E29489A67007E37A4 /* Products */ = {
			isa = PBXGroup;
			children = (
				1D71264D29489A67007E37A4 /* WeatherForecast.app */,
			);
			name = Products;
			sourceTree = "<group>";
		};
		1D71264F29489A67007E37A4 /* WeatherForecast */ = {
			isa = PBXGroup;
			children = (
				1D7126892948A023007E37A4 /* Model */,
				1D71268A2948A038007E37A4 /* Controllers */,
				1D71268B2948A052007E37A4 /* Managers */,
				1D71268C2948A071007E37A4 /* Cells */,
				1D71268D2948A084007E37A4 /* Extensions */,
				1D71265C29489A69007E37A4 /* Assets.xcassets */,
				1D71265E29489A69007E37A4 /* LaunchScreen.storyboard */,
				1D71266129489A69007E37A4 /* Info.plist */,
				1D71265929489A67007E37A4 /* WeatherForecast.xcdatamodeld */,
			);
			path = WeatherForecast;
			sourceTree = "<group>";
		};
		1D7126892948A023007E37A4 /* Model */ = {
			isa = PBXGroup;
			children = (
				1D71266D29489B63007E37A4 /* WeatherModel.swift */,
			);
			path = Model;
			sourceTree = "<group>";
		};
		1D71268A2948A038007E37A4 /* Controllers */ = {
			isa = PBXGroup;
			children = (
				1D71266F29489B70007E37A4 /* InitViewController.swift */,
				1D71267129489B8B007E37A4 /* UIPageViewController.swift */,
				1D71267329489B9E007E37A4 /* PermissionLocationController.swift */,
				1D71267529489BB7007E37A4 /* CertainDayWeatherDataController.swift */,
				1D71267729489BC6007E37A4 /* ExtendedWeatherDataController.swift */,
				1D71267929489BD5007E37A4 /* WeatherDataController.swift */,
				1D71267B29489BE6007E37A4 /* SettingsController.swift */,
			);
			path = Controllers;
			sourceTree = "<group>";
		};
		1D71268B2948A052007E37A4 /* Managers */ = {
			isa = PBXGroup;
			children = (
				1D71267D29489BF7007E37A4 /* LocationManager.swift */,
				1D71267F29489C07007E37A4 /* CoreDataManager.swift */,
				1D71268129489C17007E37A4 /* NetworkManager.swift */,
			);
			path = Managers;
			sourceTree = "<group>";
		};
		1D71268C2948A071007E37A4 /* Cells */ = {
			isa = PBXGroup;
			children = (
				1D8C6988294AFA3D00E9FD91 /* WeatherCardCell.swift */,
				1D71268E2949A5CD007E37A4 /* DetailCell.swift */,
				1D71268329489C2D007E37A4 /* HeaderCollectionViewCell.swift */,
				1D71268529489C42007E37A4 /* MiniWeatherCollectionViewCell.swift */,
				1D71268729489C50007E37A4 /* TextWeatherDataCollectionViewCell.swift */,
			);
			path = Cells;
			sourceTree = "<group>";
		};
		1D71268D2948A084007E37A4 /* Extensions */ = {
			isa = PBXGroup;
			children = (
				1D71266729489AC9007E37A4 /* Constants.swift */,
				1D71266929489AEA007E37A4 /* HelperForModel.swift */,
				1D71266B29489B04007E37A4 /* TextPicker.swift */,
				1D71265029489A67007E37A4 /* AppDelegate.swift */,
				1D71265229489A67007E37A4 /* SceneDelegate.swift */,
				1D8C698A294B37F400E9FD91 /* View */,
			);
			path = Extensions;
			sourceTree = "<group>";
		};
		1D8C698A294B37F400E9FD91 /* View */ = {
			isa = PBXGroup;
			children = (
				1D7126902949A616007E37A4 /* HeaderView.swift */,
				1D8C6986294AF83200E9FD91 /* HeaderDate.swift */,
				1D7126922949ECD0007E37A4 /* ExplanationForDayView.swift */,
			);
			path = View;
			sourceTree = "<group>";
		};
		9D6EC1315E42918277679DD9 /* Pods */ = {
			isa = PBXGroup;
			children = (
				86B75B68FE30C94B83D02535 /* Pods-WeatherForecast.debug.xcconfig */,
				BC68B6328366462D7ECD8640 /* Pods-WeatherForecast.release.xcconfig */,
			);
			path = Pods;
			sourceTree = "<group>";
		};
		A7BF0D4CA5A65AA2157EDB60 /* Frameworks */ = {
			isa = PBXGroup;
			children = (
				CC3456CD949DA57FFCF8984C /* Pods_WeatherForecast.framework */,
			);
			name = Frameworks;
			sourceTree = "<group>";
		};
/* End PBXGroup section */

/* Begin PBXNativeTarget section */
		1D71264C29489A67007E37A4 /* WeatherForecast */ = {
			isa = PBXNativeTarget;
			buildConfigurationList = 1D71266429489A69007E37A4 /* Build configuration list for PBXNativeTarget "WeatherForecast" */;
			buildPhases = (
				A3B524DE6E780E1256FCD44C /* [CP] Check Pods Manifest.lock */,
				1D71264929489A67007E37A4 /* Sources */,
				1D71264A29489A67007E37A4 /* Frameworks */,
				1D71264B29489A67007E37A4 /* Resources */,
				1F8468A39F9BB08EAB805429 /* [CP] Embed Pods Frameworks */,
			);
			buildRules = (
			);
			dependencies = (
			);
			name = WeatherForecast;
			productName = WeatherForecast;
			productReference = 1D71264D29489A67007E37A4 /* WeatherForecast.app */;
			productType = "com.apple.product-type.application";
		};
/* End PBXNativeTarget section */

/* Begin PBXProject section */
		1D71264529489A67007E37A4 /* Project object */ = {
			isa = PBXProject;
			attributes = {
				BuildIndependentTargetsInParallel = 1;
				LastSwiftUpdateCheck = 1410;
				LastUpgradeCheck = 1410;
				TargetAttributes = {
					1D71264C29489A67007E37A4 = {
						CreatedOnToolsVersion = 14.1;
					};
				};
			};
			buildConfigurationList = 1D71264829489A67007E37A4 /* Build configuration list for PBXProject "WeatherForecast" */;
			compatibilityVersion = "Xcode 14.0";
			developmentRegion = en;
			hasScannedForEncodings = 0;
			knownRegions = (
				en,
				Base,
			);
			mainGroup = 1D71264429489A67007E37A4;
			productRefGroup = 1D71264E29489A67007E37A4 /* Products */;
			projectDirPath = "";
			projectRoot = "";
			targets = (
				1D71264C29489A67007E37A4 /* WeatherForecast */,
			);
		};
/* End PBXProject section */

/* Begin PBXResourcesBuildPhase section */
		1D71264B29489A67007E37A4 /* Resources */ = {
			isa = PBXResourcesBuildPhase;
			buildActionMask = 2147483647;
			files = (
				1D71266029489A69007E37A4 /* LaunchScreen.storyboard in Resources */,
				1D71265D29489A69007E37A4 /* Assets.xcassets in Resources */,
			);
			runOnlyForDeploymentPostprocessing = 0;
		};
/* End PBXResourcesBuildPhase section */

/* Begin PBXShellScriptBuildPhase section */
		1F8468A39F9BB08EAB805429 /* [CP] Embed Pods Frameworks */ = {
			isa = PBXShellScriptBuildPhase;
			buildActionMask = 2147483647;
			files = (
			);
			inputFileListPaths = (
				"${PODS_ROOT}/Target Support Files/Pods-WeatherForecast/Pods-WeatherForecast-frameworks-${CONFIGURATION}-input-files.xcfilelist",
			);
			name = "[CP] Embed Pods Frameworks";
			outputFileListPaths = (
				"${PODS_ROOT}/Target Support Files/Pods-WeatherForecast/Pods-WeatherForecast-frameworks-${CONFIGURATION}-output-files.xcfilelist",
			);
			runOnlyForDeploymentPostprocessing = 0;
			shellPath = /bin/sh;
			shellScript = "\"${PODS_ROOT}/Target Support Files/Pods-WeatherForecast/Pods-WeatherForecast-frameworks.sh\"\n";
			showEnvVarsInLog = 0;
		};
		A3B524DE6E780E1256FCD44C /* [CP] Check Pods Manifest.lock */ = {
			isa = PBXShellScriptBuildPhase;
			buildActionMask = 2147483647;
			files = (
			);
			inputFileListPaths = (
			);
			inputPaths = (
				"${PODS_PODFILE_DIR_PATH}/Podfile.lock",
				"${PODS_ROOT}/Manifest.lock",
			);
			name = "[CP] Check Pods Manifest.lock";
			outputFileListPaths = (
			);
			outputPaths = (
				"$(DERIVED_FILE_DIR)/Pods-WeatherForecast-checkManifestLockResult.txt",
			);
			runOnlyForDeploymentPostprocessing = 0;
			shellPath = /bin/sh;
			shellScript = "diff \"${PODS_PODFILE_DIR_PATH}/Podfile.lock\" \"${PODS_ROOT}/Manifest.lock\" > /dev/null\nif [ $? != 0 ] ; then\n    # print error to STDERR\n    echo \"error: The sandbox is not in sync with the Podfile.lock. Run 'pod install' or update your CocoaPods installation.\" >&2\n    exit 1\nfi\n# This output is used by Xcode 'outputs' to avoid re-running this script phase.\necho \"SUCCESS\" > \"${SCRIPT_OUTPUT_FILE_0}\"\n";
			showEnvVarsInLog = 0;
		};
/* End PBXShellScriptBuildPhase section */

/* Begin PBXSourcesBuildPhase section */
		1D71264929489A67007E37A4 /* Sources */ = {
			isa = PBXSourcesBuildPhase;
			buildActionMask = 2147483647;
			files = (
				1D71268829489C50007E37A4 /* TextWeatherDataCollectionViewCell.swift in Sources */,
				1D71266C29489B04007E37A4 /* TextPicker.swift in Sources */,
				1D71267829489BC6007E37A4 /* ExtendedWeatherDataController.swift in Sources */,
				1D71267E29489BF8007E37A4 /* LocationManager.swift in Sources */,
				1D71265129489A67007E37A4 /* AppDelegate.swift in Sources */,
				1D71268F2949A5CD007E37A4 /* DetailCell.swift in Sources */,
				1D71266A29489AEA007E37A4 /* HelperForModel.swift in Sources */,
				1D7126912949A616007E37A4 /* HeaderView.swift in Sources */,
				1D71266E29489B63007E37A4 /* WeatherModel.swift in Sources */,
				1D71267229489B8B007E37A4 /* UIPageViewController.swift in Sources */,
				1D8C6987294AF83200E9FD91 /* HeaderDate.swift in Sources */,
				1D71265329489A67007E37A4 /* SceneDelegate.swift in Sources */,
				1D71265B29489A67007E37A4 /* WeatherForecast.xcdatamodeld in Sources */,
				1D71268429489C2D007E37A4 /* HeaderCollectionViewCell.swift in Sources */,
				1D71267429489B9E007E37A4 /* PermissionLocationController.swift in Sources */,
				1D71268229489C17007E37A4 /* NetworkManager.swift in Sources */,
				1D71267629489BB7007E37A4 /* CertainDayWeatherDataController.swift in Sources */,
				1D7126932949ECD0007E37A4 /* ExplanationForDayView.swift in Sources */,
				1D71267C29489BE6007E37A4 /* SettingsController.swift in Sources */,
				1D71267029489B70007E37A4 /* InitViewController.swift in Sources */,
				1D8C6989294AFA3D00E9FD91 /* WeatherCardCell.swift in Sources */,
				1D71267A29489BD5007E37A4 /* WeatherDataController.swift in Sources */,
				1D71268029489C07007E37A4 /* CoreDataManager.swift in Sources */,
				1D71268629489C42007E37A4 /* MiniWeatherCollectionViewCell.swift in Sources */,
				1D71266829489AC9007E37A4 /* Constants.swift in Sources */,
			);
			runOnlyForDeploymentPostprocessing = 0;
		};
/* End PBXSourcesBuildPhase section */

/* Begin PBXVariantGroup section */
		1D71265E29489A69007E37A4 /* LaunchScreen.storyboard */ = {
			isa = PBXVariantGroup;
			children = (
				1D71265F29489A69007E37A4 /* Base */,
			);
			name = LaunchScreen.storyboard;
			sourceTree = "<group>";
		};
/* End PBXVariantGroup section */

/* Begin XCBuildConfiguration section */
		1D71266229489A69007E37A4 /* Debug */ = {
			isa = XCBuildConfiguration;
			buildSettings = {
				ALWAYS_SEARCH_USER_PATHS = NO;
				CLANG_ANALYZER_NONNULL = YES;
				CLANG_ANALYZER_NUMBER_OBJECT_CONVERSION = YES_AGGRESSIVE;
				CLANG_CXX_LANGUAGE_STANDARD = "gnu++20";
				CLANG_ENABLE_MODULES = YES;
				CLANG_ENABLE_OBJC_ARC = YES;
				CLANG_ENABLE_OBJC_WEAK = YES;
				CLANG_WARN_BLOCK_CAPTURE_AUTORELEASING = YES;
				CLANG_WARN_BOOL_CONVERSION = YES;
				CLANG_WARN_COMMA = YES;
				CLANG_WARN_CONSTANT_CONVERSION = YES;
				CLANG_WARN_DEPRECATED_OBJC_IMPLEMENTATIONS = YES;
				CLANG_WARN_DIRECT_OBJC_ISA_USAGE = YES_ERROR;
				CLANG_WARN_DOCUMENTATION_COMMENTS = YES;
				CLANG_WARN_EMPTY_BODY = YES;
				CLANG_WARN_ENUM_CONVERSION = YES;
				CLANG_WARN_INFINITE_RECURSION = YES;
				CLANG_WARN_INT_CONVERSION = YES;
				CLANG_WARN_NON_LITERAL_NULL_CONVERSION = YES;
				CLANG_WARN_OBJC_IMPLICIT_RETAIN_SELF = YES;
				CLANG_WARN_OBJC_LITERAL_CONVERSION = YES;
				CLANG_WARN_OBJC_ROOT_CLASS = YES_ERROR;
				CLANG_WARN_QUOTED_INCLUDE_IN_FRAMEWORK_HEADER = YES;
				CLANG_WARN_RANGE_LOOP_ANALYSIS = YES;
				CLANG_WARN_STRICT_PROTOTYPES = YES;
				CLANG_WARN_SUSPICIOUS_MOVE = YES;
				CLANG_WARN_UNGUARDED_AVAILABILITY = YES_AGGRESSIVE;
				CLANG_WARN_UNREACHABLE_CODE = YES;
				CLANG_WARN__DUPLICATE_METHOD_MATCH = YES;
				COPY_PHASE_STRIP = NO;
				DEBUG_INFORMATION_FORMAT = dwarf;
				ENABLE_STRICT_OBJC_MSGSEND = YES;
				ENABLE_TESTABILITY = YES;
				GCC_C_LANGUAGE_STANDARD = gnu11;
				GCC_DYNAMIC_NO_PIC = NO;
				GCC_NO_COMMON_BLOCKS = YES;
				GCC_OPTIMIZATION_LEVEL = 0;
				GCC_PREPROCESSOR_DEFINITIONS = (
					"DEBUG=1",
					"$(inherited)",
				);
				GCC_WARN_64_TO_32_BIT_CONVERSION = YES;
				GCC_WARN_ABOUT_RETURN_TYPE = YES_ERROR;
				GCC_WARN_UNDECLARED_SELECTOR = YES;
				GCC_WARN_UNINITIALIZED_AUTOS = YES_AGGRESSIVE;
				GCC_WARN_UNUSED_FUNCTION = YES;
				GCC_WARN_UNUSED_VARIABLE = YES;
				IPHONEOS_DEPLOYMENT_TARGET = 16.1;
				MTL_ENABLE_DEBUG_INFO = INCLUDE_SOURCE;
				MTL_FAST_MATH = YES;
				ONLY_ACTIVE_ARCH = YES;
				SDKROOT = iphoneos;
				SWIFT_ACTIVE_COMPILATION_CONDITIONS = DEBUG;
				SWIFT_OPTIMIZATION_LEVEL = "-Onone";
			};
			name = Debug;
		};
		1D71266329489A69007E37A4 /* Release */ = {
			isa = XCBuildConfiguration;
			buildSettings = {
				ALWAYS_SEARCH_USER_PATHS = NO;
				CLANG_ANALYZER_NONNULL = YES;
				CLANG_ANALYZER_NUMBER_OBJECT_CONVERSION = YES_AGGRESSIVE;
				CLANG_CXX_LANGUAGE_STANDARD = "gnu++20";
				CLANG_ENABLE_MODULES = YES;
				CLANG_ENABLE_OBJC_ARC = YES;
				CLANG_ENABLE_OBJC_WEAK = YES;
				CLANG_WARN_BLOCK_CAPTURE_AUTORELEASING = YES;
				CLANG_WARN_BOOL_CONVERSION = YES;
				CLANG_WARN_COMMA = YES;
				CLANG_WARN_CONSTANT_CONVERSION = YES;
				CLANG_WARN_DEPRECATED_OBJC_IMPLEMENTATIONS = YES;
				CLANG_WARN_DIRECT_OBJC_ISA_USAGE = YES_ERROR;
				CLANG_WARN_DOCUMENTATION_COMMENTS = YES;
				CLANG_WARN_EMPTY_BODY = YES;
				CLANG_WARN_ENUM_CONVERSION = YES;
				CLANG_WARN_INFINITE_RECURSION = YES;
				CLANG_WARN_INT_CONVERSION = YES;
				CLANG_WARN_NON_LITERAL_NULL_CONVERSION = YES;
				CLANG_WARN_OBJC_IMPLICIT_RETAIN_SELF = YES;
				CLANG_WARN_OBJC_LITERAL_CONVERSION = YES;
				CLANG_WARN_OBJC_ROOT_CLASS = YES_ERROR;
				CLANG_WARN_QUOTED_INCLUDE_IN_FRAMEWORK_HEADER = YES;
				CLANG_WARN_RANGE_LOOP_ANALYSIS = YES;
				CLANG_WARN_STRICT_PROTOTYPES = YES;
				CLANG_WARN_SUSPICIOUS_MOVE = YES;
				CLANG_WARN_UNGUARDED_AVAILABILITY = YES_AGGRESSIVE;
				CLANG_WARN_UNREACHABLE_CODE = YES;
				CLANG_WARN__DUPLICATE_METHOD_MATCH = YES;
				COPY_PHASE_STRIP = NO;
				DEBUG_INFORMATION_FORMAT = "dwarf-with-dsym";
				ENABLE_NS_ASSERTIONS = NO;
				ENABLE_STRICT_OBJC_MSGSEND = YES;
				GCC_C_LANGUAGE_STANDARD = gnu11;
				GCC_NO_COMMON_BLOCKS = YES;
				GCC_WARN_64_TO_32_BIT_CONVERSION = YES;
				GCC_WARN_ABOUT_RETURN_TYPE = YES_ERROR;
				GCC_WARN_UNDECLARED_SELECTOR = YES;
				GCC_WARN_UNINITIALIZED_AUTOS = YES_AGGRESSIVE;
				GCC_WARN_UNUSED_FUNCTION = YES;
				GCC_WARN_UNUSED_VARIABLE = YES;
				IPHONEOS_DEPLOYMENT_TARGET = 16.1;
				MTL_ENABLE_DEBUG_INFO = NO;
				MTL_FAST_MATH = YES;
				SDKROOT = iphoneos;
				SWIFT_COMPILATION_MODE = wholemodule;
				SWIFT_OPTIMIZATION_LEVEL = "-O";
				VALIDATE_PRODUCT = YES;
			};
			name = Release;
		};
		1D71266529489A69007E37A4 /* Debug */ = {
			isa = XCBuildConfiguration;
			baseConfigurationReference = 86B75B68FE30C94B83D02535 /* Pods-WeatherForecast.debug.xcconfig */;
			buildSettings = {
				ASSETCATALOG_COMPILER_APPICON_NAME = AppIcon;
				ASSETCATALOG_COMPILER_GLOBAL_ACCENT_COLOR_NAME = AccentColor;
				CODE_SIGN_STYLE = Automatic;
				CURRENT_PROJECT_VERSION = 1;
				DEVELOPMENT_TEAM = 65B98VTA2W;
				GENERATE_INFOPLIST_FILE = YES;
				INFOPLIST_FILE = WeatherForecast/Info.plist;
				INFOPLIST_KEY_UIApplicationSupportsIndirectInputEvents = YES;
				INFOPLIST_KEY_UILaunchStoryboardName = LaunchScreen;
				INFOPLIST_KEY_UISupportedInterfaceOrientations = UIInterfaceOrientationPortrait;
				LD_RUNPATH_SEARCH_PATHS = (
					"$(inherited)",
					"@executable_path/Frameworks",
				);
				MARKETING_VERSION = 1.0;
				PRODUCT_BUNDLE_IDENTIFIER = "Nikita-Byzov.WeatherForecast";
				PRODUCT_NAME = "$(TARGET_NAME)";
				SUPPORTED_PLATFORMS = "iphoneos iphonesimulator";
				SUPPORTS_MACCATALYST = NO;
				SUPPORTS_MAC_DESIGNED_FOR_IPHONE_IPAD = NO;
				SWIFT_EMIT_LOC_STRINGS = YES;
				SWIFT_VERSION = 5.0;
				TARGETED_DEVICE_FAMILY = "1,2";
			};
			name = Debug;
		};
		1D71266629489A69007E37A4 /* Release */ = {
			isa = XCBuildConfiguration;
			baseConfigurationReference = BC68B6328366462D7ECD8640 /* Pods-WeatherForecast.release.xcconfig */;
			buildSettings = {
				ASSETCATALOG_COMPILER_APPICON_NAME = AppIcon;
				ASSETCATALOG_COMPILER_GLOBAL_ACCENT_COLOR_NAME = AccentColor;
				CODE_SIGN_STYLE = Automatic;
				CURRENT_PROJECT_VERSION = 1;
				DEVELOPMENT_TEAM = 65B98VTA2W;
				GENERATE_INFOPLIST_FILE = YES;
				INFOPLIST_FILE = WeatherForecast/Info.plist;
				INFOPLIST_KEY_UIApplicationSupportsIndirectInputEvents = YES;
				INFOPLIST_KEY_UILaunchStoryboardName = LaunchScreen;
				INFOPLIST_KEY_UISupportedInterfaceOrientations = UIInterfaceOrientationPortrait;
				LD_RUNPATH_SEARCH_PATHS = (
					"$(inherited)",
					"@executable_path/Frameworks",
				);
				MARKETING_VERSION = 1.0;
				PRODUCT_BUNDLE_IDENTIFIER = "Nikita-Byzov.WeatherForecast";
				PRODUCT_NAME = "$(TARGET_NAME)";
				SUPPORTED_PLATFORMS = "iphoneos iphonesimulator";
				SUPPORTS_MACCATALYST = NO;
				SUPPORTS_MAC_DESIGNED_FOR_IPHONE_IPAD = NO;
				SWIFT_EMIT_LOC_STRINGS = YES;
				SWIFT_VERSION = 5.0;
				TARGETED_DEVICE_FAMILY = "1,2";
			};
			name = Release;
		};
/* End XCBuildConfiguration section */

/* Begin XCConfigurationList section */
		1D71264829489A67007E37A4 /* Build configuration list for PBXProject "WeatherForecast" */ = {
			isa = XCConfigurationList;
			buildConfigurations = (
				1D71266229489A69007E37A4 /* Debug */,
				1D71266329489A69007E37A4 /* Release */,
			);
			defaultConfigurationIsVisible = 0;
			defaultConfigurationName = Release;
		};
		1D71266429489A69007E37A4 /* Build configuration list for PBXNativeTarget "WeatherForecast" */ = {
			isa = XCConfigurationList;
			buildConfigurations = (
				1D71266529489A69007E37A4 /* Debug */,
				1D71266629489A69007E37A4 /* Release */,
			);
			defaultConfigurationIsVisible = 0;
			defaultConfigurationName = Release;
		};
/* End XCConfigurationList section */

/* Begin XCVersionGroup section */
		1D71265929489A67007E37A4 /* WeatherForecast.xcdatamodeld */ = {
			isa = XCVersionGroup;
			children = (
				1D71265A29489A67007E37A4 /* WeatherForecast.xcdatamodel */,
			);
			currentVersion = 1D71265A29489A67007E37A4 /* WeatherForecast.xcdatamodel */;
			path = WeatherForecast.xcdatamodeld;
			sourceTree = "<group>";
			versionGroupType = wrapper.xcdatamodel;
		};
/* End XCVersionGroup section */
	};
	rootObject = 1D71264529489A67007E37A4 /* Project object */;
}
